# This file is generated by running "yarn install" inside your project.
# Manual changes might be lost - proceed with caution!

__metadata:
  version: 4

"@types/color-name@npm:^1.1.1":
  version: 1.1.1
  resolution: "@types/color-name@npm:1.1.1"
  checksum: da161751cf550d06d01c7969b9b332fc83727d18410ad7d01c86899b14845dd2f180789f79701fa9826f193aa72ec0f25c6a21ffc81059d57b9c186ff319242d
  languageName: node
  linkType: hard

"ansi-regex@npm:^5.0.0":
  version: 5.0.0
  resolution: "ansi-regex@npm:5.0.0"
  checksum: 884c5483a014e5119d7b0d93febfcfb0355f9a20bf7c49819f8989f309520d97cb99834d587d3f05b913ff2638ee71dbb47666ad83cac7a05238e8e107266ccc
  languageName: node
  linkType: hard

"ansi-styles@npm:^4.0.0":
  version: 4.2.1
  resolution: "ansi-styles@npm:4.2.1"
  dependencies:
    "@types/color-name": ^1.1.1
    color-convert: ^2.0.1
  checksum: a5dc6539f0428013cc3873deed8f32cf1f3dda7db48364d52796b5ed8aa9f6754042c711f9c7029b9104c172949d208efc54141f5b29118638cdadf13f7b0122
  languageName: node
  linkType: hard

"camelcase@npm:^5.0.0":
  version: 5.3.1
  resolution: "camelcase@npm:5.3.1"
  checksum: 58f271afe62d5396a5a2d28cbbeb3520732763d3c005e295225d48a58408d44575bf92475cd828f597790725f1be43aa08e623b65bdffb5619f16fb402773bb6
  languageName: node
  linkType: hard

"cliui@npm:^6.0.0":
  version: 6.0.0
  resolution: "cliui@npm:6.0.0"
  dependencies:
    string-width: ^4.2.0
    strip-ansi: ^6.0.0
    wrap-ansi: ^6.2.0
  checksum: 8ad0d73408226df4738c86b3d8eca317251befe396da017b72f6568f3eefc76ebd09a255cbbcd842c947e9eb44536f0fa4feaf1ab8816d545bce944536ba2faf
  languageName: node
  linkType: hard

"color-convert@npm:^2.0.1":
  version: 2.0.1
  resolution: "color-convert@npm:2.0.1"
  dependencies:
    color-name: ~1.1.4
  checksum: bc4adfdbb1e3a3353aa56adbe1e0f50085a63c0296b31c30bc4500daf49f9fe21248d6078e2236832840e0dea8c7ce2c0d6e783e04bc0c31fc9d230f166891b6
  languageName: node
  linkType: hard

"color-name@npm:~1.1.4":
  version: 1.1.4
  resolution: "color-name@npm:1.1.4"
  checksum: 43b24807a5b89efc7ac953fbac98a18e79b09b0bd610f45525eb79ca33e1c6230497027a30dc437448b9c719989fc0c328f75b8b61e2345700e99d1e643a6633
  languageName: node
  linkType: hard

"decamelize@npm:^1.2.0":
  version: 1.2.0
  resolution: "decamelize@npm:1.2.0"
  checksum: b4f9874e4777db39289cfe0d34d079df9531b10b50290ec8443e342faa840abbd1e7003ea0d735e03ea143d0bb34151afcb3711e7bc02fdcf19fe002683699ba
  languageName: node
  linkType: hard

"emoji-regex@npm:^8.0.0":
  version: 8.0.0
  resolution: "emoji-regex@npm:8.0.0"
  checksum: 3e1ff841d2a953a2ca43e16fb22c7d8a2ca9dd73da4a3f275036863036dbc4d88c08780f1c6539f39869eec9c165a0f0c5ce04514634eae69e3cecf8b34448a7
  languageName: node
  linkType: hard

"find-up@npm:^4.1.0":
  version: 4.1.0
  resolution: "find-up@npm:4.1.0"
  dependencies:
    locate-path: ^5.0.0
    path-exists: ^4.0.0
  checksum: 5dc0fb61547dfbf3d0b1434b33d8185d965e2a9b8d189de6c29c86382d2cc2bd450f0d6094a862f34b2c9dbf8163e40a78fe03fd6b2d6bdc300d3da3393fc6fa
  languageName: node
  linkType: hard

"get-caller-file@npm:^2.0.1":
  version: 2.0.5
  resolution: "get-caller-file@npm:2.0.5"
  checksum: 34fbf61ee9adc7504115743a19829427885d5d5713bd31c86f3a5839362925e3b579d61cf3e30250fad9ed16d02d957d8dfc0a13f7111f5b1f763d35c6f0a1a8
  languageName: node
  linkType: hard

"is-fullwidth-code-point@npm:^3.0.0":
  version: 3.0.0
  resolution: "is-fullwidth-code-point@npm:3.0.0"
  checksum: 143a5d768317b143e837c46f28653d3ec6bfa945092b92f3255ac72d175c36c6f160b1433e3200086de9ba0b6dbb86fd9d869887ec2bce86e5d656c4cffae4ce
  languageName: node
  linkType: hard

"locate-path@npm:^5.0.0":
  version: 5.0.0
  resolution: "locate-path@npm:5.0.0"
  dependencies:
    p-locate: ^4.1.0
  checksum: e83014b8ff0ce5046a88748a04abe2340bcc858f1ab5df98b52c47f6e58d4abc10de0abff47964961991e255c316ef71c4271707b5f6b2afc203ca6fe3945b00
  languageName: node
  linkType: hard

"minecraft-cli@workspace:.":
  version: 0.0.0-use.local
  resolution: "minecraft-cli@workspace:."
  dependencies:
    yargs: ^15.3.0
  languageName: unknown
  linkType: soft

"p-limit@npm:^2.2.0":
  version: 2.2.2
  resolution: "p-limit@npm:2.2.2"
  dependencies:
    p-try: ^2.0.0
  checksum: 6e308b5ac80d62e7a8c07ac8a884bc34858aeeed21d518640445e5005f9092678a5180793958f1b84f93cd8dfa8a145c893712e3db83510ba383f34570c3f600
  languageName: node
  linkType: hard

"p-locate@npm:^4.1.0":
  version: 4.1.0
  resolution: "p-locate@npm:4.1.0"
  dependencies:
    p-limit: ^2.2.0
  checksum: eed19482049fc083c37d7030dd05e9af5b8885f647219953a7fd36c3fba0da317b35aed3d2ec40ffce20a1396e93713156335c24c9f2e42a7e4989cc5fe41468
  languageName: node
  linkType: hard

"p-try@npm:^2.0.0":
  version: 2.2.0
  resolution: "p-try@npm:2.2.0"
  checksum: e7dceba546bcab1c72a4c1c8af45c7017e93dcafc4bdd9bd7e78d3b155a7e74cd0ec5277f2039cbc0d538050de1cfa52e8a157a3a741c0a6de870e0f5b03da33
  languageName: node
  linkType: hard

"path-exists@npm:^4.0.0":
  version: 4.0.0
  resolution: "path-exists@npm:4.0.0"
  checksum: ff4ff199da8d9ea52a203b87b134c0ae3719420aee3c0779df23f8712e91792a56b26edbe6ae81c480ab0fd23f81f59c312f80732f7122ffcdb354490c75c6fb
  languageName: node
  linkType: hard

"require-directory@npm:^2.1.1":
  version: 2.1.1
  resolution: "require-directory@npm:2.1.1"
  checksum: 7af7d1bd006a28164bdc6f774be413700bdbd817c9c96857fe6018f8ae804b8faef040ca77dfba9606d08b5ef1c623516aaa677d43c754a2810a3a83deef9ee7
  languageName: node
  linkType: hard

"require-main-filename@npm:^2.0.0":
  version: 2.0.0
  resolution: "require-main-filename@npm:2.0.0"
  checksum: 6c4488028860b4769145fdb61eaa2a666cd65da1d8bb38bed7eced5a0a6da44f16d3324a0fe17b444cb3832201d0f08186d4e5b7f568b836124287356b19068a
  languageName: node
  linkType: hard

"set-blocking@npm:^2.0.0":
  version: 2.0.0
  resolution: "set-blocking@npm:2.0.0"
  checksum: f8215d87051e3ace26fef38cefcaed923a20de15bda373ddcc6d1e8cc9f32d27aade1824847e2a4188261005f20fba05485b76f6e1b39d9d099ad1a50e677181
  languageName: node
  linkType: hard

"string-width@npm:^4.1.0, string-width@npm:^4.2.0":
  version: 4.2.0
  resolution: "string-width@npm:4.2.0"
  dependencies:
    emoji-regex: ^8.0.0
    is-fullwidth-code-point: ^3.0.0
    strip-ansi: ^6.0.0
  checksum: fed90c61ba394f28c0a0168b7a18ef90fd5e7ca2c145d0b8dcf946f2682322e2f2d901af523a795dec40654866e79a8922dd39904b39c6ed8cf32c7c722f39eb
  languageName: node
  linkType: hard

"strip-ansi@npm:^6.0.0":
  version: 6.0.0
  resolution: "strip-ansi@npm:6.0.0"
  dependencies:
    ansi-regex: ^5.0.0
  checksum: 19073b33d33745839a49d72239f92fec3a2a52e18cac22b3f4db3d1f90912d685883bc4428fc23aa1d393b35edcca4cb53c6587ff47931420554ddb65806e94a
  languageName: node
  linkType: hard

"which-module@npm:^2.0.0":
  version: 2.0.0
  resolution: "which-module@npm:2.0.0"
  checksum: 1f90d98b64a16da8cc614ae7373df97973ded10ae3b0ef3fe6e9a836f6a46dad77d99b6148791fd4191d45a42a7481fc952414650a896494d2d04448e568e905
  languageName: node
  linkType: hard

"wrap-ansi@npm:^6.2.0":
  version: 6.2.0
  resolution: "wrap-ansi@npm:6.2.0"
  dependencies:
    ansi-styles: ^4.0.0
    string-width: ^4.1.0
    strip-ansi: ^6.0.0
  checksum: 22aebc89eaffcb5ccf10b123c4fe119a497d40a08a89dc7f0d22b939e5f4b556b2d0a36654c2798c40ad7d16cf3249fc7c1644bf9c9ce577598195f80b2e9f9a
  languageName: node
  linkType: hard

"y18n@npm:^4.0.0":
  version: 4.0.0
  resolution: "y18n@npm:4.0.0"
  checksum: f3fcafde11e668d66a061d4cdb49243a2cac83012193666941728d6e8002e2022c22c3ac318123b2ff84d8c99ff4c0b0764e2ac6dfd8c8df3488305724387f78
  languageName: node
  linkType: hard

"yargs-parser@npm:^18.1.0":
  version: 18.1.0
  resolution: "yargs-parser@npm:18.1.0"
  dependencies:
    camelcase: ^5.0.0
    decamelize: ^1.2.0
  checksum: f6d43b00954ac4b992365f16ee9b1faf2a821dd23da4c490f29304e41b24e441824a4110a3db97cbfd908014d19c2c5df22904ca1bf85ae7e5afa15f4e8e68b7
  languageName: node
  linkType: hard

"yargs@npm:^15.3.0":
  version: 15.3.0
  resolution: "yargs@npm:15.3.0"
  dependencies:
    cliui: ^6.0.0
    decamelize: ^1.2.0
    find-up: ^4.1.0
    get-caller-file: ^2.0.1
    require-directory: ^2.1.1
    require-main-filename: ^2.0.0
    set-blocking: ^2.0.0
    string-width: ^4.2.0
    which-module: ^2.0.0
    y18n: ^4.0.0
    yargs-parser: ^18.1.0
  checksum: 6bcdba3075bf8290f3489e7c8e43824a749e4b4e8248900f118023d63ff011cdff418c3267cd18dec505b4d13b5f5e8a5962ba25c9cce7a0b9d3b795bf2335a4
  languageName: node
  linkType: hard
